
Microsoft Visual Studio Solution File, Format Version 12.00
# Visual Studio Version 17
VisualStudioVersion = 17.10.35122.118
MinimumVisualStudioVersion = 10.0.40219.1
Project("{FAE04EC0-301F-11D3-BF4B-00C04F79EFBC}") = "20250426_1", "20250426_1.csproj", "{D29C5C94-C29F-4898-82FC-AEEBA9612A6B}"
EndProject
Global
	GlobalSection(SolutionConfigurationPlatforms) = preSolution
		Debug|Any CPU = Debug|Any CPU
		Release|Any CPU = Release|Any CPU
	EndGlobalSection
	GlobalSection(ProjectConfigurationPlatforms) = postSolution
		{D29C5C94-C29F-4898-82FC-AEEBA9612A6B}.Debug|Any CPU.ActiveCfg = Debug|Any CPU
		{D29C5C94-C29F-4898-82FC-AEEBA9612A6B}.Debug|Any CPU.Build.0 = Debug|Any CPU
		{D29C5C94-C29F-4898-82FC-AEEBA9612A6B}.Release|Any CPU.ActiveCfg = Release|Any CPU
		{D29C5C94-C29F-4898-82FC-AEEBA9612A6B}.Release|Any CPU.Build.0 = Release|Any CPU
	EndGlobalSection
	GlobalSection(SolutionProperties) = preSolution
		HideSolutionNode = FALSE
	EndGlobalSection
	GlobalSection(ExtensibilityGlobals) = postSolution
		SolutionGuid = {6B49DE81-7141-4101-BF3B-D533F3B723AB}
	EndGlobalSection
EndGlobal
